
Microsoft Visual Studio Solution File, Format Version 12.00
# Visual Studio Version 17
VisualStudioVersion = 17.5.33530.505
MinimumVisualStudioVersion = 10.0.40219.1
Project("{9A19103F-16F7-4668-BE54-9A1E7A4F7556}") = "SalaryCalculation", "SalaryCalculation\SalaryCalculation.csproj", "{ABB89967-2964-4CC8-BB9A-49D073977B82}"
EndProject
Project("{FAE04EC0-301F-11D3-BF4B-00C04F79EFBC}") = "SalaryCalculation.Test", "SalaryCalculation.Test\SalaryCalculation.Test.csproj", "{FE2D5B03-C41C-4BA0-AB39-68133E06C0BC}"
EndProject
Global
	GlobalSection(SolutionConfigurationPlatforms) = preSolution
		Debug|Any CPU = Debug|Any CPU
		Release|Any CPU = Release|Any CPU
	EndGlobalSection
	GlobalSection(ProjectConfigurationPlatforms) = postSolution
		{ABB89967-2964-4CC8-BB9A-49D073977B82}.Debug|Any CPU.ActiveCfg = Debug|Any CPU
		{ABB89967-2964-4CC8-BB9A-49D073977B82}.Debug|Any CPU.Build.0 = Debug|Any CPU
		{ABB89967-2964-4CC8-BB9A-49D073977B82}.Release|Any CPU.ActiveCfg = Release|Any CPU
		{ABB89967-2964-4CC8-BB9A-49D073977B82}.Release|Any CPU.Build.0 = Release|Any CPU
		{FE2D5B03-C41C-4BA0-AB39-68133E06C0BC}.Debug|Any CPU.ActiveCfg = Debug|Any CPU
		{FE2D5B03-C41C-4BA0-AB39-68133E06C0BC}.Debug|Any CPU.Build.0 = Debug|Any CPU
		{FE2D5B03-C41C-4BA0-AB39-68133E06C0BC}.Release|Any CPU.ActiveCfg = Release|Any CPU
		{FE2D5B03-C41C-4BA0-AB39-68133E06C0BC}.Release|Any CPU.Build.0 = Release|Any CPU
	EndGlobalSection
	GlobalSection(SolutionProperties) = preSolution
		HideSolutionNode = FALSE
	EndGlobalSection
	GlobalSection(ExtensibilityGlobals) = postSolution
		SolutionGuid = {A4DD96AA-9DCB-4E77-AC69-28AEB359B6C7}
	EndGlobalSection
EndGlobal
